
Microsoft Visual Studio Solution File, Format Version 12.00
# Visual Studio 15
VisualStudioVersion = 15.0.28307.271
MinimumVisualStudioVersion = 10.0.40219.1
Project("{2150E333-8FDC-42A3-9474-1A3956D46DE8}") = "1UI", "1UI", "{3B34F419-5CD2-4453-984E-75E27019C63B}"
EndProject
Project("{2150E333-8FDC-42A3-9474-1A3956D46DE8}") = "2Application", "2Application", "{BE985EFF-3636-470D-874C-67D8C824F3BB}"
EndProject
Project("{2150E333-8FDC-42A3-9474-1A3956D46DE8}") = "3Repositonry", "3Repositonry", "{875B62CA-BDFF-4B13-A16B-18198C19F08A}"
EndProject
Project("{2150E333-8FDC-42A3-9474-1A3956D46DE8}") = "4Entity", "4Entity", "{5B9C1485-1F8B-492C-BECF-48132232BA5D}"
EndProject
Project("{2150E333-8FDC-42A3-9474-1A3956D46DE8}") = "5Infrastructure", "5Infrastructure", "{69DA3BE8-584B-4B31-B886-E1C2A315C421}"
EndProject
Project("{2150E333-8FDC-42A3-9474-1A3956D46DE8}") = "Test", "Test", "{0672AE20-A250-4371-993A-DCE5F63130E4}"
EndProject
Project("{FAE04EC0-301F-11D3-BF4B-00C04F79EFBC}") = "Czar.Cms.IServices", "Czar.Cms.IServices\Czar.Cms.IServices.csproj", "{48062C03-D7EB-420B-8350-3AB34610F67D}"
EndProject
Project("{FAE04EC0-301F-11D3-BF4B-00C04F79EFBC}") = "Czar.Cms.Services", "Czar.Cms.Services\Czar.Cms.Services.csproj", "{9E247BFF-8322-4354-BD0B-4BC1F7CF4219}"
EndProject
Project("{FAE04EC0-301F-11D3-BF4B-00C04F79EFBC}") = "Czar.Cms.IRepositonry", "Czar.Cms.IRepositonry\Czar.Cms.IRepositonry.csproj", "{DF2B0582-24D1-4CCC-B9DD-F31F6D854691}"
EndProject
Project("{FAE04EC0-301F-11D3-BF4B-00C04F79EFBC}") = "Czar.Cms.Models", "Czar.Cms.Models\Czar.Cms.Models.csproj", "{168D6061-FDF4-4118-9F7F-FEA9C8638D9A}"
EndProject
Project("{FAE04EC0-301F-11D3-BF4B-00C04F79EFBC}") = "Czar.Cms.Core", "Czar.Cms.Core\Czar.Cms.Core.csproj", "{6BAF1720-107C-46D3-B0E0-AD6C9F062BC8}"
EndProject
Project("{FAE04EC0-301F-11D3-BF4B-00C04F79EFBC}") = "Czar.Cms.Repository.SqlServer", "Czar.Cms.Repository.SqlServer\Czar.Cms.Repository.SqlServer.csproj", "{A78699DC-B90B-4F66-831F-03211453E5E9}"
EndProject
Project("{9A19103F-16F7-4668-BE54-9A1E7A4F7556}") = "Czar.Cms.Test2", "Czar.Cms.Test2\Czar.Cms.Test2.csproj", "{692C5E76-CDFF-49AA-AB5A-F4250D6AECE4}"
EndProject
Project("{9A19103F-16F7-4668-BE54-9A1E7A4F7556}") = "Czar.Cms.Admin", "Czar.Cms.Admin\Czar.Cms.Admin.csproj", "{3BBFC5AE-FC2D-42F8-B8ED-37FB14951775}"
EndProject
Project("{9A19103F-16F7-4668-BE54-9A1E7A4F7556}") = "Czar.Cms.Site", "Czar.Cms.Site\Czar.Cms.Site.csproj", "{62B6AE0F-64F0-4E6A-BB4C-D15C80F3FE4E}"
EndProject
Project("{FAE04EC0-301F-11D3-BF4B-00C04F79EFBC}") = "Czar.Cms.ViewModels", "Czar.Cms.ViewModels\Czar.Cms.ViewModels.csproj", "{5A99C338-D03E-4655-927F-EB8D5D92AB00}"
EndProject
Global
	GlobalSection(SolutionConfigurationPlatforms) = preSolution
		Debug|Any CPU = Debug|Any CPU
		Release|Any CPU = Release|Any CPU
	EndGlobalSection
	GlobalSection(ProjectConfigurationPlatforms) = postSolution
		{48062C03-D7EB-420B-8350-3AB34610F67D}.Debug|Any CPU.ActiveCfg = Debug|Any CPU
		{48062C03-D7EB-420B-8350-3AB34610F67D}.Debug|Any CPU.Build.0 = Debug|Any CPU
		{48062C03-D7EB-420B-8350-3AB34610F67D}.Release|Any CPU.ActiveCfg = Release|Any CPU
		{48062C03-D7EB-420B-8350-3AB34610F67D}.Release|Any CPU.Build.0 = Release|Any CPU
		{9E247BFF-8322-4354-BD0B-4BC1F7CF4219}.Debug|Any CPU.ActiveCfg = Debug|Any CPU
		{9E247BFF-8322-4354-BD0B-4BC1F7CF4219}.Debug|Any CPU.Build.0 = Debug|Any CPU
		{9E247BFF-8322-4354-BD0B-4BC1F7CF4219}.Release|Any CPU.ActiveCfg = Release|Any CPU
		{9E247BFF-8322-4354-BD0B-4BC1F7CF4219}.Release|Any CPU.Build.0 = Release|Any CPU
		{DF2B0582-24D1-4CCC-B9DD-F31F6D854691}.Debug|Any CPU.ActiveCfg = Debug|Any CPU
		{DF2B0582-24D1-4CCC-B9DD-F31F6D854691}.Debug|Any CPU.Build.0 = Debug|Any CPU
		{DF2B0582-24D1-4CCC-B9DD-F31F6D854691}.Release|Any CPU.ActiveCfg = Release|Any CPU
		{DF2B0582-24D1-4CCC-B9DD-F31F6D854691}.Release|Any CPU.Build.0 = Release|Any CPU
		{168D6061-FDF4-4118-9F7F-FEA9C8638D9A}.Debug|Any CPU.ActiveCfg = Debug|Any CPU
		{168D6061-FDF4-4118-9F7F-FEA9C8638D9A}.Debug|Any CPU.Build.0 = Debug|Any CPU
		{168D6061-FDF4-4118-9F7F-FEA9C8638D9A}.Release|Any CPU.ActiveCfg = Release|Any CPU
		{168D6061-FDF4-4118-9F7F-FEA9C8638D9A}.Release|Any CPU.Build.0 = Release|Any CPU
		{6BAF1720-107C-46D3-B0E0-AD6C9F062BC8}.Debug|Any CPU.ActiveCfg = Debug|Any CPU
		{6BAF1720-107C-46D3-B0E0-AD6C9F062BC8}.Debug|Any CPU.Build.0 = Debug|Any CPU
		{6BAF1720-107C-46D3-B0E0-AD6C9F062BC8}.Release|Any CPU.ActiveCfg = Release|Any CPU
		{6BAF1720-107C-46D3-B0E0-AD6C9F062BC8}.Release|Any CPU.Build.0 = Release|Any CPU
		{A78699DC-B90B-4F66-831F-03211453E5E9}.Debug|Any CPU.ActiveCfg = Debug|Any CPU
		{A78699DC-B90B-4F66-831F-03211453E5E9}.Debug|Any CPU.Build.0 = Debug|Any CPU
		{A78699DC-B90B-4F66-831F-03211453E5E9}.Release|Any CPU.ActiveCfg = Release|Any CPU
		{A78699DC-B90B-4F66-831F-03211453E5E9}.Release|Any CPU.Build.0 = Release|Any CPU
		{692C5E76-CDFF-49AA-AB5A-F4250D6AECE4}.Debug|Any CPU.ActiveCfg = Debug|Any CPU
		{692C5E76-CDFF-49AA-AB5A-F4250D6AECE4}.Debug|Any CPU.Build.0 = Debug|Any CPU
		{692C5E76-CDFF-49AA-AB5A-F4250D6AECE4}.Release|Any CPU.ActiveCfg = Release|Any CPU
		{692C5E76-CDFF-49AA-AB5A-F4250D6AECE4}.Release|Any CPU.Build.0 = Release|Any CPU
		{3BBFC5AE-FC2D-42F8-B8ED-37FB14951775}.Debug|Any CPU.ActiveCfg = Debug|Any CPU
		{3BBFC5AE-FC2D-42F8-B8ED-37FB14951775}.Debug|Any CPU.Build.0 = Debug|Any CPU
		{3BBFC5AE-FC2D-42F8-B8ED-37FB14951775}.Release|Any CPU.ActiveCfg = Release|Any CPU
		{3BBFC5AE-FC2D-42F8-B8ED-37FB14951775}.Release|Any CPU.Build.0 = Release|Any CPU
		{62B6AE0F-64F0-4E6A-BB4C-D15C80F3FE4E}.Debug|Any CPU.ActiveCfg = Debug|Any CPU
		{62B6AE0F-64F0-4E6A-BB4C-D15C80F3FE4E}.Debug|Any CPU.Build.0 = Debug|Any CPU
		{62B6AE0F-64F0-4E6A-BB4C-D15C80F3FE4E}.Release|Any CPU.ActiveCfg = Release|Any CPU
		{62B6AE0F-64F0-4E6A-BB4C-D15C80F3FE4E}.Release|Any CPU.Build.0 = Release|Any CPU
		{5A99C338-D03E-4655-927F-EB8D5D92AB00}.Debug|Any CPU.ActiveCfg = Debug|Any CPU
		{5A99C338-D03E-4655-927F-EB8D5D92AB00}.Debug|Any CPU.Build.0 = Debug|Any CPU
		{5A99C338-D03E-4655-927F-EB8D5D92AB00}.Release|Any CPU.ActiveCfg = Release|Any CPU
		{5A99C338-D03E-4655-927F-EB8D5D92AB00}.Release|Any CPU.Build.0 = Release|Any CPU
	EndGlobalSection
	GlobalSection(SolutionProperties) = preSolution
		HideSolutionNode = FALSE
	EndGlobalSection
	GlobalSection(NestedProjects) = preSolution
		{48062C03-D7EB-420B-8350-3AB34610F67D} = {BE985EFF-3636-470D-874C-67D8C824F3BB}
		{9E247BFF-8322-4354-BD0B-4BC1F7CF4219} = {BE985EFF-3636-470D-874C-67D8C824F3BB}
		{DF2B0582-24D1-4CCC-B9DD-F31F6D854691} = {875B62CA-BDFF-4B13-A16B-18198C19F08A}
		{168D6061-FDF4-4118-9F7F-FEA9C8638D9A} = {5B9C1485-1F8B-492C-BECF-48132232BA5D}
		{6BAF1720-107C-46D3-B0E0-AD6C9F062BC8} = {69DA3BE8-584B-4B31-B886-E1C2A315C421}
		{A78699DC-B90B-4F66-831F-03211453E5E9} = {875B62CA-BDFF-4B13-A16B-18198C19F08A}
		{692C5E76-CDFF-49AA-AB5A-F4250D6AECE4} = {0672AE20-A250-4371-993A-DCE5F63130E4}
		{3BBFC5AE-FC2D-42F8-B8ED-37FB14951775} = {3B34F419-5CD2-4453-984E-75E27019C63B}
		{62B6AE0F-64F0-4E6A-BB4C-D15C80F3FE4E} = {3B34F419-5CD2-4453-984E-75E27019C63B}
		{5A99C338-D03E-4655-927F-EB8D5D92AB00} = {5B9C1485-1F8B-492C-BECF-48132232BA5D}
	EndGlobalSection
	GlobalSection(ExtensibilityGlobals) = postSolution
		SolutionGuid = {F7FCD450-4478-4279-9333-11535E09BAE3}
	EndGlobalSection
EndGlobal
